// !$*UTF8*$!
{
	archiveVersion = 1;
	classes = {
	};
	objectVersion = 48;
	objects = {

/* Begin PBXBuildFile section */
		294230661FA70F2B0030F503 /* AppDelegate.swift in Sources */ = {isa = PBXBuildFile; fileRef = 294230651FA70F2B0030F503 /* AppDelegate.swift */; };
		2942306B1FA70F2B0030F503 /* Main.storyboard in Resources */ = {isa = PBXBuildFile; fileRef = 294230691FA70F2B0030F503 /* Main.storyboard */; };
		2942306E1FA70F2B0030F503 /* sugarcane_ios.xcdatamodeld in Sources */ = {isa = PBXBuildFile; fileRef = 2942306C1FA70F2B0030F503 /* sugarcane_ios.xcdatamodeld */; };
		294230701FA70F2B0030F503 /* Assets.xcassets in Resources */ = {isa = PBXBuildFile; fileRef = 2942306F1FA70F2B0030F503 /* Assets.xcassets */; };
		294230731FA70F2B0030F503 /* LaunchScreen.storyboard in Resources */ = {isa = PBXBuildFile; fileRef = 294230711FA70F2B0030F503 /* LaunchScreen.storyboard */; };
		2942307E1FA7155B0030F503 /* WarningCenter.storyboard in Resources */ = {isa = PBXBuildFile; fileRef = 2942307D1FA7155B0030F503 /* WarningCenter.storyboard */; };
		294230801FA715BC0030F503 /* Knowledge.storyboard in Resources */ = {isa = PBXBuildFile; fileRef = 2942307F1FA715BC0030F503 /* Knowledge.storyboard */; };
		294230821FA715D60030F503 /* Question.storyboard in Resources */ = {isa = PBXBuildFile; fileRef = 294230811FA715D60030F503 /* Question.storyboard */; };
		294230841FA715F60030F503 /* User.storyboard in Resources */ = {isa = PBXBuildFile; fileRef = 294230831FA715F60030F503 /* User.storyboard */; };
		294230891FA71EBA0030F503 /* UITabBarItem.swift in Sources */ = {isa = PBXBuildFile; fileRef = 294230881FA71EBA0030F503 /* UITabBarItem.swift */; };
		2942308C1FA721430030F503 /* KnowledgeViewController.swift in Sources */ = {isa = PBXBuildFile; fileRef = 2942308B1FA721430030F503 /* KnowledgeViewController.swift */; };
		E9A435A364B8E14E9E9B1194 /* Pods_sugarcane_ios.framework in Frameworks */ = {isa = PBXBuildFile; fileRef = CD2AABB7DE90D37D5C331EE8 /* Pods_sugarcane_ios.framework */; };
/* End PBXBuildFile section */

/* Begin PBXFileReference section */
		294230621FA70F2B0030F503 /* sugarcane-ios.app */ = {isa = PBXFileReference; explicitFileType = wrapper.application; includeInIndex = 0; path = "sugarcane-ios.app"; sourceTree = BUILT_PRODUCTS_DIR; };
		294230651FA70F2B0030F503 /* AppDelegate.swift */ = {isa = PBXFileReference; lastKnownFileType = sourcecode.swift; path = AppDelegate.swift; sourceTree = "<group>"; };
		2942306A1FA70F2B0030F503 /* Base */ = {isa = PBXFileReference; lastKnownFileType = file.storyboard; name = Base; path = Base.lproj/Main.storyboard; sourceTree = "<group>"; };
		2942306D1FA70F2B0030F503 /* sugarcane_ios.xcdatamodel */ = {isa = PBXFileReference; lastKnownFileType = wrapper.xcdatamodel; path = sugarcane_ios.xcdatamodel; sourceTree = "<group>"; };
		2942306F1FA70F2B0030F503 /* Assets.xcassets */ = {isa = PBXFileReference; lastKnownFileType = folder.assetcatalog; path = Assets.xcassets; sourceTree = "<group>"; };
		294230721FA70F2B0030F503 /* Base */ = {isa = PBXFileReference; lastKnownFileType = file.storyboard; name = Base; path = Base.lproj/LaunchScreen.storyboard; sourceTree = "<group>"; };
		2942307D1FA7155B0030F503 /* WarningCenter.storyboard */ = {isa = PBXFileReference; lastKnownFileType = file.storyboard; path = WarningCenter.storyboard; sourceTree = "<group>"; };
		2942307F1FA715BC0030F503 /* Knowledge.storyboard */ = {isa = PBXFileReference; lastKnownFileType = file.storyboard; path = Knowledge.storyboard; sourceTree = "<group>"; };
		294230811FA715D60030F503 /* Question.storyboard */ = {isa = PBXFileReference; lastKnownFileType = file.storyboard; path = Question.storyboard; sourceTree = "<group>"; };
		294230831FA715F60030F503 /* User.storyboard */ = {isa = PBXFileReference; lastKnownFileType = file.storyboard; path = User.storyboard; sourceTree = "<group>"; };
		294230851FA717500030F503 /* Info.plist */ = {isa = PBXFileReference; lastKnownFileType = text.plist.xml; path = Info.plist; sourceTree = "<group>"; };
		294230881FA71EBA0030F503 /* UITabBarItem.swift */ = {isa = PBXFileReference; lastKnownFileType = sourcecode.swift; path = UITabBarItem.swift; sourceTree = "<group>"; };
		2942308B1FA721430030F503 /* KnowledgeViewController.swift */ = {isa = PBXFileReference; lastKnownFileType = sourcecode.swift; path = KnowledgeViewController.swift; sourceTree = "<group>"; };
		ABD62BB06A2511474974CF9E /* Pods-sugarcane-ios.debug.xcconfig */ = {isa = PBXFileReference; includeInIndex = 1; lastKnownFileType = text.xcconfig; name = "Pods-sugarcane-ios.debug.xcconfig"; path = "Pods/Target Support Files/Pods-sugarcane-ios/Pods-sugarcane-ios.debug.xcconfig"; sourceTree = "<group>"; };
		C46347F623250ACFFF6F3A54 /* Pods-sugarcane-ios.release.xcconfig */ = {isa = PBXFileReference; includeInIndex = 1; lastKnownFileType = text.xcconfig; name = "Pods-sugarcane-ios.release.xcconfig"; path = "Pods/Target Support Files/Pods-sugarcane-ios/Pods-sugarcane-ios.release.xcconfig"; sourceTree = "<group>"; };
		CD2AABB7DE90D37D5C331EE8 /* Pods_sugarcane_ios.framework */ = {isa = PBXFileReference; explicitFileType = wrapper.framework; includeInIndex = 0; path = Pods_sugarcane_ios.framework; sourceTree = BUILT_PRODUCTS_DIR; };
/* End PBXFileReference section */

/* Begin PBXFrameworksBuildPhase section */
		2942305F1FA70F2B0030F503 /* Frameworks */ = {
			isa = PBXFrameworksBuildPhase;
			buildActionMask = 2147483647;
			files = (
				E9A435A364B8E14E9E9B1194 /* Pods_sugarcane_ios.framework in Frameworks */,
			);
			runOnlyForDeploymentPostprocessing = 0;
		};
/* End PBXFrameworksBuildPhase section */

/* Begin PBXGroup section */
		294230591FA70F2B0030F503 = {
			isa = PBXGroup;
			children = (
				294230641FA70F2B0030F503 /* sugarcane-ios */,
				294230631FA70F2B0030F503 /* Products */,
				9F3A8E9D525DA7F301A678B6 /* Pods */,
				EE2D54F63617D227F79DB18B /* Frameworks */,
			);
			sourceTree = "<group>";
		};
		294230631FA70F2B0030F503 /* Products */ = {
			isa = PBXGroup;
			children = (
				294230621FA70F2B0030F503 /* sugarcane-ios.app */,
			);
			name = Products;
			sourceTree = "<group>";
		};
		294230641FA70F2B0030F503 /* sugarcane-ios */ = {
			isa = PBXGroup;
			children = (
				2942307C1FA714C80030F503 /* Storyboard */,
				2942307A1FA7115E0030F503 /* Classes */,
				294230871FA71E940030F503 /* Extension */,
				2942307B1FA712A50030F503 /* Support */,
				294230851FA717500030F503 /* Info.plist */,
				2942306C1FA70F2B0030F503 /* sugarcane_ios.xcdatamodeld */,
			);
			path = "sugarcane-ios";
			sourceTree = "<group>";
		};
		2942307A1FA7115E0030F503 /* Classes */ = {
			isa = PBXGroup;
			children = (
				2942308A1FA720F40030F503 /* Knowledge */,
				294230651FA70F2B0030F503 /* AppDelegate.swift */,
			);
			path = Classes;
			sourceTree = "<group>";
		};
		2942307B1FA712A50030F503 /* Support */ = {
			isa = PBXGroup;
			children = (
				2942306F1FA70F2B0030F503 /* Assets.xcassets */,
			);
			path = Support;
			sourceTree = "<group>";
		};
		2942307C1FA714C80030F503 /* Storyboard */ = {
			isa = PBXGroup;
			children = (
				294230691FA70F2B0030F503 /* Main.storyboard */,
				2942307D1FA7155B0030F503 /* WarningCenter.storyboard */,
				2942307F1FA715BC0030F503 /* Knowledge.storyboard */,
				294230811FA715D60030F503 /* Question.storyboard */,
				294230831FA715F60030F503 /* User.storyboard */,
				294230711FA70F2B0030F503 /* LaunchScreen.storyboard */,
			);
			path = Storyboard;
			sourceTree = "<group>";
		};
		294230871FA71E940030F503 /* Extension */ = {
			isa = PBXGroup;
			children = (
				294230881FA71EBA0030F503 /* UITabBarItem.swift */,
			);
			path = Extension;
			sourceTree = "<group>";
		};
		2942308A1FA720F40030F503 /* Knowledge */ = {
			isa = PBXGroup;
			children = (
				2942308B1FA721430030F503 /* KnowledgeViewController.swift */,
			);
			path = Knowledge;
			sourceTree = "<group>";
		};
		9F3A8E9D525DA7F301A678B6 /* Pods */ = {
			isa = PBXGroup;
			children = (
				ABD62BB06A2511474974CF9E /* Pods-sugarcane-ios.debug.xcconfig */,
				C46347F623250ACFFF6F3A54 /* Pods-sugarcane-ios.release.xcconfig */,
			);
			name = Pods;
			sourceTree = "<group>";
		};
		EE2D54F63617D227F79DB18B /* Frameworks */ = {
			isa = PBXGroup;
			children = (
				CD2AABB7DE90D37D5C331EE8 /* Pods_sugarcane_ios.framework */,
			);
			name = Frameworks;
			sourceTree = "<group>";
		};
/* End PBXGroup section */

/* Begin PBXNativeTarget section */
		294230611FA70F2B0030F503 /* sugarcane-ios */ = {
			isa = PBXNativeTarget;
			buildConfigurationList = 294230771FA70F2B0030F503 /* Build configuration list for PBXNativeTarget "sugarcane-ios" */;
			buildPhases = (
				8E2F6756734949CD8C00FB1E /* [CP] Check Pods Manifest.lock */,
				2942305E1FA70F2B0030F503 /* Sources */,
				2942305F1FA70F2B0030F503 /* Frameworks */,
				294230601FA70F2B0030F503 /* Resources */,
				B5086E8578FECE157301A80A /* [CP] Embed Pods Frameworks */,
				19669611CF1A8A06D2221561 /* [CP] Copy Pods Resources */,
			);
			buildRules = (
			);
			dependencies = (
			);
			name = "sugarcane-ios";
			productName = "sugarcane-ios";
			productReference = 294230621FA70F2B0030F503 /* sugarcane-ios.app */;
			productType = "com.apple.product-type.application";
		};
/* End PBXNativeTarget section */

/* Begin PBXProject section */
		2942305A1FA70F2B0030F503 /* Project object */ = {
			isa = PBXProject;
			attributes = {
				LastSwiftUpdateCheck = 0900;
				LastUpgradeCheck = 0900;
				ORGANIZATIONNAME = Riseplus;
				TargetAttributes = {
					294230611FA70F2B0030F503 = {
						CreatedOnToolsVersion = 9.0;
						ProvisioningStyle = Automatic;
					};
				};
			};
			buildConfigurationList = 2942305D1FA70F2B0030F503 /* Build configuration list for PBXProject "sugarcane-ios" */;
			compatibilityVersion = "Xcode 8.0";
			developmentRegion = en;
			hasScannedForEncodings = 0;
			knownRegions = (
				en,
				Base,
			);
			mainGroup = 294230591FA70F2B0030F503;
			productRefGroup = 294230631FA70F2B0030F503 /* Products */;
			projectDirPath = "";
			projectRoot = "";
			targets = (
				294230611FA70F2B0030F503 /* sugarcane-ios */,
			);
		};
/* End PBXProject section */

/* Begin PBXResourcesBuildPhase section */
		294230601FA70F2B0030F503 /* Resources */ = {
			isa = PBXResourcesBuildPhase;
			buildActionMask = 2147483647;
			files = (
				294230731FA70F2B0030F503 /* LaunchScreen.storyboard in Resources */,
				294230701FA70F2B0030F503 /* Assets.xcassets in Resources */,
				294230821FA715D60030F503 /* Question.storyboard in Resources */,
				2942307E1FA7155B0030F503 /* WarningCenter.storyboard in Resources */,
				294230801FA715BC0030F503 /* Knowledge.storyboard in Resources */,
				294230841FA715F60030F503 /* User.storyboard in Resources */,
				2942306B1FA70F2B0030F503 /* Main.storyboard in Resources */,
			);
			runOnlyForDeploymentPostprocessing = 0;
		};
/* End PBXResourcesBuildPhase section */

/* Begin PBXShellScriptBuildPhase section */
		19669611CF1A8A06D2221561 /* [CP] Copy Pods Resources */ = {
			isa = PBXShellScriptBuildPhase;
			buildActionMask = 2147483647;
			files = (
			);
			inputPaths = (
			);
			name = "[CP] Copy Pods Resources";
			outputPaths = (
			);
			runOnlyForDeploymentPostprocessing = 0;
			shellPath = /bin/sh;
			shellScript = "\"${SRCROOT}/Pods/Target Support Files/Pods-sugarcane-ios/Pods-sugarcane-ios-resources.sh\"\n";
			showEnvVarsInLog = 0;
		};
		8E2F6756734949CD8C00FB1E /* [CP] Check Pods Manifest.lock */ = {
			isa = PBXShellScriptBuildPhase;
			buildActionMask = 2147483647;
			files = (
			);
			inputPaths = (
				"${PODS_PODFILE_DIR_PATH}/Podfile.lock",
				"${PODS_ROOT}/Manifest.lock",
			);
			name = "[CP] Check Pods Manifest.lock";
			outputPaths = (
				"$(DERIVED_FILE_DIR)/Pods-sugarcane-ios-checkManifestLockResult.txt",
			);
			runOnlyForDeploymentPostprocessing = 0;
			shellPath = /bin/sh;
			shellScript = "diff \"${PODS_PODFILE_DIR_PATH}/Podfile.lock\" \"${PODS_ROOT}/Manifest.lock\" > /dev/null\nif [ $? != 0 ] ; then\n    # print error to STDERR\n    echo \"error: The sandbox is not in sync with the Podfile.lock. Run 'pod install' or update your CocoaPods installation.\" >&2\n    exit 1\nfi\n# This output is used by Xcode 'outputs' to avoid re-running this script phase.\necho \"SUCCESS\" > \"${SCRIPT_OUTPUT_FILE_0}\"\n";
			showEnvVarsInLog = 0;
		};
		B5086E8578FECE157301A80A /* [CP] Embed Pods Frameworks */ = {
			isa = PBXShellScriptBuildPhase;
			buildActionMask = 2147483647;
			files = (
			);
			inputPaths = (
			);
			name = "[CP] Embed Pods Frameworks";
			outputPaths = (
			);
			runOnlyForDeploymentPostprocessing = 0;
			shellPath = /bin/sh;
			shellScript = "\"${SRCROOT}/Pods/Target Support Files/Pods-sugarcane-ios/Pods-sugarcane-ios-frameworks.sh\"\n";
			showEnvVarsInLog = 0;
		};
/* End PBXShellScriptBuildPhase section */

/* Begin PBXSourcesBuildPhase section */
		2942305E1FA70F2B0030F503 /* Sources */ = {
			isa = PBXSourcesBuildPhase;
			buildActionMask = 2147483647;
			files = (
				2942306E1FA70F2B0030F503 /* sugarcane_ios.xcdatamodeld in Sources */,
				294230661FA70F2B0030F503 /* AppDelegate.swift in Sources */,
				294230891FA71EBA0030F503 /* UITabBarItem.swift in Sources */,
				2942308C1FA721430030F503 /* KnowledgeViewController.swift in Sources */,
			);
			runOnlyForDeploymentPostprocessing = 0;
		};
/* End PBXSourcesBuildPhase section */

/* Begin PBXVariantGroup section */
		294230691FA70F2B0030F503 /* Main.storyboard */ = {
			isa = PBXVariantGroup;
			children = (
				2942306A1FA70F2B0030F503 /* Base */,
			);
			name = Main.storyboard;
			sourceTree = "<group>";
		};
		294230711FA70F2B0030F503 /* LaunchScreen.storyboard */ = {
			isa = PBXVariantGroup;
			children = (
				294230721FA70F2B0030F503 /* Base */,
			);
			name = LaunchScreen.storyboard;
			sourceTree = "<group>";
		};
/* End PBXVariantGroup section */

/* Begin XCBuildConfiguration section */
		294230751FA70F2B0030F503 /* Debug */ = {
			isa = XCBuildConfiguration;
			buildSettings = {
				ALWAYS_SEARCH_USER_PATHS = NO;
				CLANG_ANALYZER_NONNULL = YES;
				CLANG_ANALYZER_NUMBER_OBJECT_CONVERSION = YES_AGGRESSIVE;
				CLANG_CXX_LANGUAGE_STANDARD = "gnu++14";
				CLANG_CXX_LIBRARY = "libc++";
				CLANG_ENABLE_MODULES = YES;
				CLANG_ENABLE_OBJC_ARC = YES;
				CLANG_WARN_BLOCK_CAPTURE_AUTORELEASING = YES;
				CLANG_WARN_BOOL_CONVERSION = YES;
				CLANG_WARN_COMMA = YES;
				CLANG_WARN_CONSTANT_CONVERSION = YES;
				CLANG_WARN_DIRECT_OBJC_ISA_USAGE = YES_ERROR;
				CLANG_WARN_DOCUMENTATION_COMMENTS = YES;
				CLANG_WARN_EMPTY_BODY = YES;
				CLANG_WARN_ENUM_CONVERSION = YES;
				CLANG_WARN_INFINITE_RECURSION = YES;
				CLANG_WARN_INT_CONVERSION = YES;
				CLANG_WARN_NON_LITERAL_NULL_CONVERSION = YES;
				CLANG_WARN_OBJC_LITERAL_CONVERSION = YES;
				CLANG_WARN_OBJC_ROOT_CLASS = YES_ERROR;
				CLANG_WARN_RANGE_LOOP_ANALYSIS = YES;
				CLANG_WARN_STRICT_PROTOTYPES = YES;
				CLANG_WARN_SUSPICIOUS_MOVE = YES;
				CLANG_WARN_UNGUARDED_AVAILABILITY = YES_AGGRESSIVE;
				CLANG_WARN_UNREACHABLE_CODE = YES;
				CLANG_WARN__DUPLICATE_METHOD_MATCH = YES;
				CODE_SIGN_IDENTITY = "iPhone Developer";
				COPY_PHASE_STRIP = NO;
				DEBUG_INFORMATION_FORMAT = dwarf;
				ENABLE_STRICT_OBJC_MSGSEND = YES;
				ENABLE_TESTABILITY = YES;
				GCC_C_LANGUAGE_STANDARD = gnu11;
				GCC_DYNAMIC_NO_PIC = NO;
				GCC_NO_COMMON_BLOCKS = YES;
				GCC_OPTIMIZATION_LEVEL = 0;
				GCC_PREPROCESSOR_DEFINITIONS = (
					"DEBUG=1",
					"$(inherited)",
				);
				GCC_WARN_64_TO_32_BIT_CONVERSION = YES;
				GCC_WARN_ABOUT_RETURN_TYPE = YES_ERROR;
				GCC_WARN_UNDECLARED_SELECTOR = YES;
				GCC_WARN_UNINITIALIZED_AUTOS = YES_AGGRESSIVE;
				GCC_WARN_UNUSED_FUNCTION = YES;
				GCC_WARN_UNUSED_VARIABLE = YES;
				IPHONEOS_DEPLOYMENT_TARGET = 11.0;
				MTL_ENABLE_DEBUG_INFO = YES;
				ONLY_ACTIVE_ARCH = YES;
				SDKROOT = iphoneos;
				SWIFT_ACTIVE_COMPILATION_CONDITIONS = DEBUG;
				SWIFT_OPTIMIZATION_LEVEL = "-Onone";
			};
			name = Debug;
		};
		294230761FA70F2B0030F503 /* Release */ = {
			isa = XCBuildConfiguration;
			buildSettings = {
				ALWAYS_SEARCH_USER_PATHS = NO;
				CLANG_ANALYZER_NONNULL = YES;
				CLANG_ANALYZER_NUMBER_OBJECT_CONVERSION = YES_AGGRESSIVE;
				CLANG_CXX_LANGUAGE_STANDARD = "gnu++14";
				CLANG_CXX_LIBRARY = "libc++";
				CLANG_ENABLE_MODULES = YES;
				CLANG_ENABLE_OBJC_ARC = YES;
				CLANG_WARN_BLOCK_CAPTURE_AUTORELEASING = YES;
				CLANG_WARN_BOOL_CONVERSION = YES;
				CLANG_WARN_COMMA = YES;
				CLANG_WARN_CONSTANT_CONVERSION = YES;
				CLANG_WARN_DIRECT_OBJC_ISA_USAGE = YES_ERROR;
				CLANG_WARN_DOCUMENTATION_COMMENTS = YES;
				CLANG_WARN_EMPTY_BODY = YES;
				CLANG_WARN_ENUM_CONVERSION = YES;
				CLANG_WARN_INFINITE_RECURSION = YES;
				CLANG_WARN_INT_CONVERSION = YES;
				CLANG_WARN_NON_LITERAL_NULL_CONVERSION = YES;
				CLANG_WARN_OBJC_LITERAL_CONVERSION = YES;
				CLANG_WARN_OBJC_ROOT_CLASS = YES_ERROR;
				CLANG_WARN_RANGE_LOOP_ANALYSIS = YES;
				CLANG_WARN_STRICT_PROTOTYPES = YES;
				CLANG_WARN_SUSPICIOUS_MOVE = YES;
				CLANG_WARN_UNGUARDED_AVAILABILITY = YES_AGGRESSIVE;
				CLANG_WARN_UNREACHABLE_CODE = YES;
				CLANG_WARN__DUPLICATE_METHOD_MATCH = YES;
				CODE_SIGN_IDENTITY = "iPhone Developer";
				COPY_PHASE_STRIP = NO;
				DEBUG_INFORMATION_FORMAT = "dwarf-with-dsym";
				ENABLE_NS_ASSERTIONS = NO;
				ENABLE_STRICT_OBJC_MSGSEND = YES;
				GCC_C_LANGUAGE_STANDARD = gnu11;
				GCC_NO_COMMON_BLOCKS = YES;
				GCC_WARN_64_TO_32_BIT_CONVERSION = YES;
				GCC_WARN_ABOUT_RETURN_TYPE = YES_ERROR;
				GCC_WARN_UNDECLARED_SELECTOR = YES;
				GCC_WARN_UNINITIALIZED_AUTOS = YES_AGGRESSIVE;
				GCC_WARN_UNUSED_FUNCTION = YES;
				GCC_WARN_UNUSED_VARIABLE = YES;
				IPHONEOS_DEPLOYMENT_TARGET = 11.0;
				MTL_ENABLE_DEBUG_INFO = NO;
				SDKROOT = iphoneos;
				SWIFT_OPTIMIZATION_LEVEL = "-Owholemodule";
				VALIDATE_PRODUCT = YES;
			};
			name = Release;
		};
		294230781FA70F2B0030F503 /* Debug */ = {
			isa = XCBuildConfiguration;
			baseConfigurationReference = ABD62BB06A2511474974CF9E /* Pods-sugarcane-ios.debug.xcconfig */;
			buildSettings = {
				ASSETCATALOG_COMPILER_APPICON_NAME = AppIcon;
				CODE_SIGN_STYLE = Automatic;
				DEVELOPMENT_TEAM = 383M2XQ8QP;
				INFOPLIST_FILE = "sugarcane-ios/Info.plist";
				LD_RUNPATH_SEARCH_PATHS = "$(inherited) @executable_path/Frameworks";
				PRODUCT_BUNDLE_IDENTIFIER = "tech.riseplus.sugarcane-ios";
				PRODUCT_NAME = "$(TARGET_NAME)";
				SWIFT_VERSION = 4.0;
				TARGETED_DEVICE_FAMILY = "1,2";
			};
			name = Debug;
		};
		294230791FA70F2B0030F503 /* Release */ = {
			isa = XCBuildConfiguration;
			baseConfigurationReference = C46347F623250ACFFF6F3A54 /* Pods-sugarcane-ios.release.xcconfig */;
			buildSettings = {
				ASSETCATALOG_COMPILER_APPICON_NAME = AppIcon;
				CODE_SIGN_STYLE = Automatic;
				DEVELOPMENT_TEAM = 383M2XQ8QP;
				INFOPLIST_FILE = "sugarcane-ios/Info.plist";
				LD_RUNPATH_SEARCH_PATHS = "$(inherited) @executable_path/Frameworks";
				PRODUCT_BUNDLE_IDENTIFIER = "tech.riseplus.sugarcane-ios";
				PRODUCT_NAME = "$(TARGET_NAME)";
				SWIFT_VERSION = 4.0;
				TARGETED_DEVICE_FAMILY = "1,2";
			};
			name = Release;
		};
/* End XCBuildConfiguration section */

/* Begin XCConfigurationList section */
		2942305D1FA70F2B0030F503 /* Build configuration list for PBXProject "sugarcane-ios" */ = {
			isa = XCConfigurationList;
			buildConfigurations = (
				294230751FA70F2B0030F503 /* Debug */,
				294230761FA70F2B0030F503 /* Release */,
			);
			defaultConfigurationIsVisible = 0;
			defaultConfigurationName = Release;
		};
		294230771FA70F2B0030F503 /* Build configuration list for PBXNativeTarget "sugarcane-ios" */ = {
			isa = XCConfigurationList;
			buildConfigurations = (
				294230781FA70F2B0030F503 /* Debug */,
				294230791FA70F2B0030F503 /* Release */,
			);
			defaultConfigurationIsVisible = 0;
			defaultConfigurationName = Release;
		};
/* End XCConfigurationList section */

/* Begin XCVersionGroup section */
		2942306C1FA70F2B0030F503 /* sugarcane_ios.xcdatamodeld */ = {
			isa = XCVersionGroup;
			children = (
				2942306D1FA70F2B0030F503 /* sugarcane_ios.xcdatamodel */,
			);
			currentVersion = 2942306D1FA70F2B0030F503 /* sugarcane_ios.xcdatamodel */;
			path = sugarcane_ios.xcdatamodeld;
			sourceTree = "<group>";
			versionGroupType = wrapper.xcdatamodel;
		};
/* End XCVersionGroup section */
	};
	rootObject = 2942305A1FA70F2B0030F503 /* Project object */;
}
